
Microsoft Visual Studio Solution File, Format Version 12.00
# Visual Studio Version 17
VisualStudioVersion = 17.0.31903.59
MinimumVisualStudioVersion = 10.0.40219.1
Project("{FAE04EC0-301F-11D3-BF4B-00C04F79EFBC}") = "A.Presentation", "A.Presentation\A.Presentation.csproj", "{80469EF3-234D-4AF6-90B0-CC0EF1B1EE74}"
EndProject
Project("{2150E333-8FDC-42A3-9474-1A3956D46DE8}") = "src", "src", "{47B3DEA0-6B8D-4452-8B4E-E247876983CB}"
EndProject
Project("{2150E333-8FDC-42A3-9474-1A3956D46DE8}") = "tests", "tests", "{D61C5432-23BA-4F2F-944F-25F09E9C7176}"
EndProject
Project("{2150E333-8FDC-42A3-9474-1A3956D46DE8}") = "Services", "Services", "{FB565A8A-B716-42C6-A817-44B425501990}"
EndProject
Project("{2150E333-8FDC-42A3-9474-1A3956D46DE8}") = "Presentation", "Presentation", "{5006C4D4-54BE-4B40-AF24-3907E61391A9}"
EndProject
Project("{2150E333-8FDC-42A3-9474-1A3956D46DE8}") = "Repository", "Repository", "{17B12B03-83A9-4E3D-A3C3-C7E82B75E919}"
EndProject
Project("{2150E333-8FDC-42A3-9474-1A3956D46DE8}") = "Domain", "Domain", "{7BC66B5C-4F2B-4C27-ACA0-273B1616FC73}"
EndProject
Project("{2150E333-8FDC-42A3-9474-1A3956D46DE8}") = "Solution Items", "Solution Items", "{BDA7E5D2-AD72-4DC1-B53B-7F08420CFA04}"
	ProjectSection(SolutionItems) = preProject
		.editorconfig = .editorconfig
		.gitignore = .gitignore
		README.md = README.md
	EndProjectSection
EndProject
Project("{FAE04EC0-301F-11D3-BF4B-00C04F79EFBC}") = "A.ProductService", "A.ProductService\A.ProductService.csproj", "{BA0C6804-1AD8-4605-9BE3-C578ABC8D600}"
EndProject
Project("{FAE04EC0-301F-11D3-BF4B-00C04F79EFBC}") = "A.AccountService", "A.AccountService\A.AccountService.csproj", "{7958C677-4939-47DE-937F-7CEB52BFB951}"
EndProject
Project("{FAE04EC0-301F-11D3-BF4B-00C04F79EFBC}") = "A.OrderService", "A.OrderService\A.OrderService.csproj", "{5AB85506-EFD3-4A75-87CA-770E9CD2ADBC}"
EndProject
Project("{FAE04EC0-301F-11D3-BF4B-00C04F79EFBC}") = "A.Domain", "A.Domain\A.Domain.csproj", "{47A85379-7B80-4EC5-8E89-761B9ABF485E}"
EndProject
Project("{2150E333-8FDC-42A3-9474-1A3956D46DE8}") = "APIGateway", "APIGateway", "{A6AC99D1-4C47-4502-8C6C-227678D60507}"
EndProject
Project("{FAE04EC0-301F-11D3-BF4B-00C04F79EFBC}") = "A.APIGateway", "A.APIGateway\A.APIGateway.csproj", "{7B56F57D-02EA-4291-BB74-E5E88F7221A5}"
EndProject
Global
	GlobalSection(SolutionConfigurationPlatforms) = preSolution
		Debug|Any CPU = Debug|Any CPU
		Release|Any CPU = Release|Any CPU
	EndGlobalSection
	GlobalSection(ProjectConfigurationPlatforms) = postSolution
		{80469EF3-234D-4AF6-90B0-CC0EF1B1EE74}.Debug|Any CPU.ActiveCfg = Debug|Any CPU
		{80469EF3-234D-4AF6-90B0-CC0EF1B1EE74}.Debug|Any CPU.Build.0 = Debug|Any CPU
		{80469EF3-234D-4AF6-90B0-CC0EF1B1EE74}.Release|Any CPU.ActiveCfg = Release|Any CPU
		{80469EF3-234D-4AF6-90B0-CC0EF1B1EE74}.Release|Any CPU.Build.0 = Release|Any CPU
		{BA0C6804-1AD8-4605-9BE3-C578ABC8D600}.Debug|Any CPU.ActiveCfg = Debug|Any CPU
		{BA0C6804-1AD8-4605-9BE3-C578ABC8D600}.Debug|Any CPU.Build.0 = Debug|Any CPU
		{BA0C6804-1AD8-4605-9BE3-C578ABC8D600}.Release|Any CPU.ActiveCfg = Release|Any CPU
		{BA0C6804-1AD8-4605-9BE3-C578ABC8D600}.Release|Any CPU.Build.0 = Release|Any CPU
		{7958C677-4939-47DE-937F-7CEB52BFB951}.Debug|Any CPU.ActiveCfg = Debug|Any CPU
		{7958C677-4939-47DE-937F-7CEB52BFB951}.Debug|Any CPU.Build.0 = Debug|Any CPU
		{7958C677-4939-47DE-937F-7CEB52BFB951}.Release|Any CPU.ActiveCfg = Release|Any CPU
		{7958C677-4939-47DE-937F-7CEB52BFB951}.Release|Any CPU.Build.0 = Release|Any CPU
		{5AB85506-EFD3-4A75-87CA-770E9CD2ADBC}.Debug|Any CPU.ActiveCfg = Debug|Any CPU
		{5AB85506-EFD3-4A75-87CA-770E9CD2ADBC}.Debug|Any CPU.Build.0 = Debug|Any CPU
		{5AB85506-EFD3-4A75-87CA-770E9CD2ADBC}.Release|Any CPU.ActiveCfg = Release|Any CPU
		{5AB85506-EFD3-4A75-87CA-770E9CD2ADBC}.Release|Any CPU.Build.0 = Release|Any CPU
		{47A85379-7B80-4EC5-8E89-761B9ABF485E}.Debug|Any CPU.ActiveCfg = Debug|Any CPU
		{47A85379-7B80-4EC5-8E89-761B9ABF485E}.Debug|Any CPU.Build.0 = Debug|Any CPU
		{47A85379-7B80-4EC5-8E89-761B9ABF485E}.Release|Any CPU.ActiveCfg = Release|Any CPU
		{47A85379-7B80-4EC5-8E89-761B9ABF485E}.Release|Any CPU.Build.0 = Release|Any CPU
		{7B56F57D-02EA-4291-BB74-E5E88F7221A5}.Debug|Any CPU.ActiveCfg = Debug|Any CPU
		{7B56F57D-02EA-4291-BB74-E5E88F7221A5}.Debug|Any CPU.Build.0 = Debug|Any CPU
		{7B56F57D-02EA-4291-BB74-E5E88F7221A5}.Release|Any CPU.ActiveCfg = Release|Any CPU
		{7B56F57D-02EA-4291-BB74-E5E88F7221A5}.Release|Any CPU.Build.0 = Release|Any CPU
	EndGlobalSection
	GlobalSection(SolutionProperties) = preSolution
		HideSolutionNode = FALSE
	EndGlobalSection
	GlobalSection(NestedProjects) = preSolution
		{80469EF3-234D-4AF6-90B0-CC0EF1B1EE74} = {5006C4D4-54BE-4B40-AF24-3907E61391A9}
		{FB565A8A-B716-42C6-A817-44B425501990} = {47B3DEA0-6B8D-4452-8B4E-E247876983CB}
		{5006C4D4-54BE-4B40-AF24-3907E61391A9} = {47B3DEA0-6B8D-4452-8B4E-E247876983CB}
		{17B12B03-83A9-4E3D-A3C3-C7E82B75E919} = {47B3DEA0-6B8D-4452-8B4E-E247876983CB}
		{7BC66B5C-4F2B-4C27-ACA0-273B1616FC73} = {47B3DEA0-6B8D-4452-8B4E-E247876983CB}
		{BA0C6804-1AD8-4605-9BE3-C578ABC8D600} = {FB565A8A-B716-42C6-A817-44B425501990}
		{7958C677-4939-47DE-937F-7CEB52BFB951} = {FB565A8A-B716-42C6-A817-44B425501990}
		{5AB85506-EFD3-4A75-87CA-770E9CD2ADBC} = {FB565A8A-B716-42C6-A817-44B425501990}
		{47A85379-7B80-4EC5-8E89-761B9ABF485E} = {7BC66B5C-4F2B-4C27-ACA0-273B1616FC73}
		{A6AC99D1-4C47-4502-8C6C-227678D60507} = {47B3DEA0-6B8D-4452-8B4E-E247876983CB}
		{7B56F57D-02EA-4291-BB74-E5E88F7221A5} = {A6AC99D1-4C47-4502-8C6C-227678D60507}
	EndGlobalSection
	GlobalSection(ExtensibilityGlobals) = postSolution
		SolutionGuid = {4CC8DFE7-47D6-4B07-9F1C-F6C292EDC28E}
	EndGlobalSection
EndGlobal
