
Microsoft Visual Studio Solution File, Format Version 12.00
# Visual Studio Version 17
VisualStudioVersion = 17.0.31903.59
MinimumVisualStudioVersion = 10.0.40219.1
Project("{2150E333-8FDC-42A3-9474-1A3956D46DE8}") = "src", "src", "{47B3DEA0-6B8D-4452-8B4E-E247876983CB}"
EndProject
Project("{2150E333-8FDC-42A3-9474-1A3956D46DE8}") = "Services", "Services", "{FB565A8A-B716-42C6-A817-44B425501990}"
EndProject
Project("{2150E333-8FDC-42A3-9474-1A3956D46DE8}") = "Presentation", "Presentation", "{5006C4D4-54BE-4B40-AF24-3907E61391A9}"
EndProject
Project("{2150E333-8FDC-42A3-9474-1A3956D46DE8}") = "Repository", "Repository", "{17B12B03-83A9-4E3D-A3C3-C7E82B75E919}"
EndProject
Project("{2150E333-8FDC-42A3-9474-1A3956D46DE8}") = "Domain", "Domain", "{7BC66B5C-4F2B-4C27-ACA0-273B1616FC73}"
EndProject
Project("{2150E333-8FDC-42A3-9474-1A3956D46DE8}") = "Solution Items", "Solution Items", "{BDA7E5D2-AD72-4DC1-B53B-7F08420CFA04}"
	ProjectSection(SolutionItems) = preProject
		.editorconfig = .editorconfig
		.gitignore = .gitignore
		README.md = README.md
	EndProjectSection
EndProject
Project("{2150E333-8FDC-42A3-9474-1A3956D46DE8}") = "Basket", "Basket", "{3BDB3F81-D315-4FD2-9759-9779C963F0CE}"
EndProject
Project("{2150E333-8FDC-42A3-9474-1A3956D46DE8}") = "Order", "Order", "{B1F56069-E698-4099-AB91-5EA59441A532}"
EndProject
Project("{2150E333-8FDC-42A3-9474-1A3956D46DE8}") = "Common", "Common", "{AB74A1C0-6432-4202-ADA2-E4E43A846312}"
EndProject
Project("{2150E333-8FDC-42A3-9474-1A3956D46DE8}") = "BuildingBlocks", "BuildingBlocks", "{C7B6763C-05A4-4816-A09E-F97CA3F420FB}"
EndProject
Project("{9A19103F-16F7-4668-BE54-9A1E7A4F7556}") = "A.Domain", "src\Domain\A.Domain\A.Domain.csproj", "{A9F581DC-598E-4E08-B200-DC60B347FEB8}"
EndProject
Project("{9A19103F-16F7-4668-BE54-9A1E7A4F7556}") = "A.Presentation", "src\Presentation\A.Presentation\A.Presentation.csproj", "{8050B290-451F-45BF-818E-736CF7C7E181}"
EndProject
Project("{9A19103F-16F7-4668-BE54-9A1E7A4F7556}") = "A.Basket.API", "src\Services\Basket\A.Basket.API\A.Basket.API.csproj", "{1964637C-9F2C-4B6B-9C30-8026E829E3D6}"
EndProject
Project("{9A19103F-16F7-4668-BE54-9A1E7A4F7556}") = "A.OrderService.API", "src\Services\Order\A.Order.API\A.OrderService.API.csproj", "{977A3730-1958-4389-928E-706CC3A209CC}"
EndProject
Project("{9A19103F-16F7-4668-BE54-9A1E7A4F7556}") = "A.Identity.API", "src\Services\Common\A.Identity.API\A.Identity.API.csproj", "{B595F5A8-262C-4808-BAE1-0975A7745C36}"
EndProject
Project("{9A19103F-16F7-4668-BE54-9A1E7A4F7556}") = "A.CommonService", "src\Services\Common\A.CommonService\A.CommonService.csproj", "{4054BDE9-2D40-4BE4-9F27-AE2FE43795D4}"
EndProject
Project("{2150E333-8FDC-42A3-9474-1A3956D46DE8}") = "Tests", "Tests", "{B92F1465-82DD-401B-ABC6-148584084185}"
EndProject
Project("{2150E333-8FDC-42A3-9474-1A3956D46DE8}") = "ApiGateway", "ApiGateway", "{F7EB5E0B-16D8-4D29-B334-0B9C2DE87479}"
EndProject
Project("{9A19103F-16F7-4668-BE54-9A1E7A4F7556}") = "A.APIGateway", "src\ApiGateway\A.APIGateway\A.APIGateway.csproj", "{3C5B17E9-4B82-481C-B0C3-32B77CF920FA}"
EndProject
Project("{2150E333-8FDC-42A3-9474-1A3956D46DE8}") = "Basket", "Basket", "{55488AD1-6033-4192-9567-DD29F7E919C3}"
EndProject
Project("{2150E333-8FDC-42A3-9474-1A3956D46DE8}") = "Order", "Order", "{D167E495-E1F7-4AFD-9887-6E475C69E284}"
EndProject
Project("{9A19103F-16F7-4668-BE54-9A1E7A4F7556}") = "A.OrderRepository", "src\Repository\A.OrderRepository\A.OrderRepository.csproj", "{709AE9E7-C050-41B7-8F1B-E82B8DEC1126}"
EndProject
Project("{9A19103F-16F7-4668-BE54-9A1E7A4F7556}") = "A.BasketRepository", "src\Repository\A.BasketRepository\A.BasketRepository.csproj", "{D595CA67-0150-44DF-86D1-B78D1A8EC729}"
EndProject
Global
	GlobalSection(SolutionConfigurationPlatforms) = preSolution
		Debug|Any CPU = Debug|Any CPU
		Release|Any CPU = Release|Any CPU
	EndGlobalSection
	GlobalSection(ProjectConfigurationPlatforms) = postSolution
		{A9F581DC-598E-4E08-B200-DC60B347FEB8}.Debug|Any CPU.ActiveCfg = Debug|Any CPU
		{A9F581DC-598E-4E08-B200-DC60B347FEB8}.Debug|Any CPU.Build.0 = Debug|Any CPU
		{A9F581DC-598E-4E08-B200-DC60B347FEB8}.Release|Any CPU.ActiveCfg = Release|Any CPU
		{A9F581DC-598E-4E08-B200-DC60B347FEB8}.Release|Any CPU.Build.0 = Release|Any CPU
		{8050B290-451F-45BF-818E-736CF7C7E181}.Debug|Any CPU.ActiveCfg = Debug|Any CPU
		{8050B290-451F-45BF-818E-736CF7C7E181}.Debug|Any CPU.Build.0 = Debug|Any CPU
		{8050B290-451F-45BF-818E-736CF7C7E181}.Release|Any CPU.ActiveCfg = Release|Any CPU
		{8050B290-451F-45BF-818E-736CF7C7E181}.Release|Any CPU.Build.0 = Release|Any CPU
		{1964637C-9F2C-4B6B-9C30-8026E829E3D6}.Debug|Any CPU.ActiveCfg = Debug|Any CPU
		{1964637C-9F2C-4B6B-9C30-8026E829E3D6}.Debug|Any CPU.Build.0 = Debug|Any CPU
		{1964637C-9F2C-4B6B-9C30-8026E829E3D6}.Release|Any CPU.ActiveCfg = Release|Any CPU
		{1964637C-9F2C-4B6B-9C30-8026E829E3D6}.Release|Any CPU.Build.0 = Release|Any CPU
		{977A3730-1958-4389-928E-706CC3A209CC}.Debug|Any CPU.ActiveCfg = Debug|Any CPU
		{977A3730-1958-4389-928E-706CC3A209CC}.Debug|Any CPU.Build.0 = Debug|Any CPU
		{977A3730-1958-4389-928E-706CC3A209CC}.Release|Any CPU.ActiveCfg = Release|Any CPU
		{977A3730-1958-4389-928E-706CC3A209CC}.Release|Any CPU.Build.0 = Release|Any CPU
		{B595F5A8-262C-4808-BAE1-0975A7745C36}.Debug|Any CPU.ActiveCfg = Debug|Any CPU
		{B595F5A8-262C-4808-BAE1-0975A7745C36}.Debug|Any CPU.Build.0 = Debug|Any CPU
		{B595F5A8-262C-4808-BAE1-0975A7745C36}.Release|Any CPU.ActiveCfg = Release|Any CPU
		{B595F5A8-262C-4808-BAE1-0975A7745C36}.Release|Any CPU.Build.0 = Release|Any CPU
		{4054BDE9-2D40-4BE4-9F27-AE2FE43795D4}.Debug|Any CPU.ActiveCfg = Debug|Any CPU
		{4054BDE9-2D40-4BE4-9F27-AE2FE43795D4}.Debug|Any CPU.Build.0 = Debug|Any CPU
		{4054BDE9-2D40-4BE4-9F27-AE2FE43795D4}.Release|Any CPU.ActiveCfg = Release|Any CPU
		{4054BDE9-2D40-4BE4-9F27-AE2FE43795D4}.Release|Any CPU.Build.0 = Release|Any CPU
		{3C5B17E9-4B82-481C-B0C3-32B77CF920FA}.Debug|Any CPU.ActiveCfg = Debug|Any CPU
		{3C5B17E9-4B82-481C-B0C3-32B77CF920FA}.Debug|Any CPU.Build.0 = Debug|Any CPU
		{3C5B17E9-4B82-481C-B0C3-32B77CF920FA}.Release|Any CPU.ActiveCfg = Release|Any CPU
		{3C5B17E9-4B82-481C-B0C3-32B77CF920FA}.Release|Any CPU.Build.0 = Release|Any CPU
		{709AE9E7-C050-41B7-8F1B-E82B8DEC1126}.Debug|Any CPU.ActiveCfg = Debug|Any CPU
		{709AE9E7-C050-41B7-8F1B-E82B8DEC1126}.Debug|Any CPU.Build.0 = Debug|Any CPU
		{709AE9E7-C050-41B7-8F1B-E82B8DEC1126}.Release|Any CPU.ActiveCfg = Release|Any CPU
		{709AE9E7-C050-41B7-8F1B-E82B8DEC1126}.Release|Any CPU.Build.0 = Release|Any CPU
		{D595CA67-0150-44DF-86D1-B78D1A8EC729}.Debug|Any CPU.ActiveCfg = Debug|Any CPU
		{D595CA67-0150-44DF-86D1-B78D1A8EC729}.Debug|Any CPU.Build.0 = Debug|Any CPU
		{D595CA67-0150-44DF-86D1-B78D1A8EC729}.Release|Any CPU.ActiveCfg = Release|Any CPU
		{D595CA67-0150-44DF-86D1-B78D1A8EC729}.Release|Any CPU.Build.0 = Release|Any CPU
	EndGlobalSection
	GlobalSection(SolutionProperties) = preSolution
		HideSolutionNode = FALSE
	EndGlobalSection
	GlobalSection(NestedProjects) = preSolution
		{FB565A8A-B716-42C6-A817-44B425501990} = {47B3DEA0-6B8D-4452-8B4E-E247876983CB}
		{5006C4D4-54BE-4B40-AF24-3907E61391A9} = {47B3DEA0-6B8D-4452-8B4E-E247876983CB}
		{17B12B03-83A9-4E3D-A3C3-C7E82B75E919} = {47B3DEA0-6B8D-4452-8B4E-E247876983CB}
		{7BC66B5C-4F2B-4C27-ACA0-273B1616FC73} = {47B3DEA0-6B8D-4452-8B4E-E247876983CB}
		{3BDB3F81-D315-4FD2-9759-9779C963F0CE} = {FB565A8A-B716-42C6-A817-44B425501990}
		{B1F56069-E698-4099-AB91-5EA59441A532} = {FB565A8A-B716-42C6-A817-44B425501990}
		{AB74A1C0-6432-4202-ADA2-E4E43A846312} = {FB565A8A-B716-42C6-A817-44B425501990}
		{C7B6763C-05A4-4816-A09E-F97CA3F420FB} = {47B3DEA0-6B8D-4452-8B4E-E247876983CB}
		{A9F581DC-598E-4E08-B200-DC60B347FEB8} = {7BC66B5C-4F2B-4C27-ACA0-273B1616FC73}
		{8050B290-451F-45BF-818E-736CF7C7E181} = {5006C4D4-54BE-4B40-AF24-3907E61391A9}
		{1964637C-9F2C-4B6B-9C30-8026E829E3D6} = {3BDB3F81-D315-4FD2-9759-9779C963F0CE}
		{977A3730-1958-4389-928E-706CC3A209CC} = {B1F56069-E698-4099-AB91-5EA59441A532}
		{B595F5A8-262C-4808-BAE1-0975A7745C36} = {AB74A1C0-6432-4202-ADA2-E4E43A846312}
		{4054BDE9-2D40-4BE4-9F27-AE2FE43795D4} = {AB74A1C0-6432-4202-ADA2-E4E43A846312}
		{B92F1465-82DD-401B-ABC6-148584084185} = {47B3DEA0-6B8D-4452-8B4E-E247876983CB}
		{F7EB5E0B-16D8-4D29-B334-0B9C2DE87479} = {47B3DEA0-6B8D-4452-8B4E-E247876983CB}
		{3C5B17E9-4B82-481C-B0C3-32B77CF920FA} = {F7EB5E0B-16D8-4D29-B334-0B9C2DE87479}
		{55488AD1-6033-4192-9567-DD29F7E919C3} = {17B12B03-83A9-4E3D-A3C3-C7E82B75E919}
		{D167E495-E1F7-4AFD-9887-6E475C69E284} = {17B12B03-83A9-4E3D-A3C3-C7E82B75E919}
		{709AE9E7-C050-41B7-8F1B-E82B8DEC1126} = {D167E495-E1F7-4AFD-9887-6E475C69E284}
		{D595CA67-0150-44DF-86D1-B78D1A8EC729} = {55488AD1-6033-4192-9567-DD29F7E919C3}
	EndGlobalSection
	GlobalSection(ExtensibilityGlobals) = postSolution
		SolutionGuid = {4CC8DFE7-47D6-4B07-9F1C-F6C292EDC28E}
	EndGlobalSection
EndGlobal
